// !$*UTF8*$!
{
	archiveVersion = 1;
	classes = {
	};
	objectVersion = 56;
	objects = {

/* Begin PBXBuildFile section */
		52667AFD2ADDDC6B00E7ACF1 /* PostFlow.storyboard in Resources */ = {isa = PBXBuildFile; fileRef = 52667AFC2ADDDC6B00E7ACF1 /* PostFlow.storyboard */; };
		52667B002ADDDF6900E7ACF1 /* NetworkService.swift in Sources */ = {isa = PBXBuildFile; fileRef = 52667AFF2ADDDF6900E7ACF1 /* NetworkService.swift */; };
		52667B022ADDDF8D00E7ACF1 /* ApiConstatnts.swift in Sources */ = {isa = PBXBuildFile; fileRef = 52667B012ADDDF8D00E7ACF1 /* ApiConstatnts.swift */; };
		52667B042ADDDFCA00E7ACF1 /* PostModel.swift in Sources */ = {isa = PBXBuildFile; fileRef = 52667B032ADDDFCA00E7ACF1 /* PostModel.swift */; };
		52667B062ADDDFE600E7ACF1 /* AlbumModel.swift in Sources */ = {isa = PBXBuildFile; fileRef = 52667B052ADDDFE600E7ACF1 /* AlbumModel.swift */; };
		52667B082ADDE17900E7ACF1 /* AlbumsAndPhotos.storyboard in Resources */ = {isa = PBXBuildFile; fileRef = 52667B072ADDE17900E7ACF1 /* AlbumsAndPhotos.storyboard */; };
		52667B0F2AE05E1700E7ACF1 /* CommentModel.swift in Sources */ = {isa = PBXBuildFile; fileRef = 52667B0E2AE05E1700E7ACF1 /* CommentModel.swift */; };
		52667B112AE05E3A00E7ACF1 /* PhotoModel.swift in Sources */ = {isa = PBXBuildFile; fileRef = 52667B102AE05E3A00E7ACF1 /* PhotoModel.swift */; };
		52667B152AE05FBF00E7ACF1 /* CommentsTVC.swift in Sources */ = {isa = PBXBuildFile; fileRef = 52667B142AE05FBF00E7ACF1 /* CommentsTVC.swift */; };
		52667B192AE0607100E7ACF1 /* PhotosCVC.swift in Sources */ = {isa = PBXBuildFile; fileRef = 52667B182AE0607100E7ACF1 /* PhotosCVC.swift */; };
		52667B1E2AE0685C00E7ACF1 /* PhotosCVCell.swift in Sources */ = {isa = PBXBuildFile; fileRef = 52667B1C2AE0685C00E7ACF1 /* PhotosCVCell.swift */; };
		52667B1F2AE0685C00E7ACF1 /* PhotosCVCell.xib in Resources */ = {isa = PBXBuildFile; fileRef = 52667B1D2AE0685C00E7ACF1 /* PhotosCVCell.xib */; };
		52667B212AE70E3800E7ACF1 /* CacheManager.swift in Sources */ = {isa = PBXBuildFile; fileRef = 52667B202AE70E3800E7ACF1 /* CacheManager.swift */; };
		52667B232AE7104D00E7ACF1 /* PhotoVC.swift in Sources */ = {isa = PBXBuildFile; fileRef = 52667B222AE7104D00E7ACF1 /* PhotoVC.swift */; };
		52749D7A2AD7439100EB022E /* AppDelegate.swift in Sources */ = {isa = PBXBuildFile; fileRef = 52749D792AD7439100EB022E /* AppDelegate.swift */; };
		52749D7C2AD7439100EB022E /* SceneDelegate.swift in Sources */ = {isa = PBXBuildFile; fileRef = 52749D7B2AD7439100EB022E /* SceneDelegate.swift */; };
		52749D842AD7439100EB022E /* RestApp.xcdatamodeld in Sources */ = {isa = PBXBuildFile; fileRef = 52749D822AD7439100EB022E /* RestApp.xcdatamodeld */; };
		52749D862AD7439200EB022E /* Assets.xcassets in Resources */ = {isa = PBXBuildFile; fileRef = 52749D852AD7439200EB022E /* Assets.xcassets */; };
		52749D892AD7439200EB022E /* LaunchScreen.storyboard in Resources */ = {isa = PBXBuildFile; fileRef = 52749D872AD7439200EB022E /* LaunchScreen.storyboard */; };
		52749D952AD7463700EB022E /* UserModel.swift in Sources */ = {isa = PBXBuildFile; fileRef = 52749D942AD7463700EB022E /* UserModel.swift */; };
		52749D992AD7469E00EB022E /* CollectionVC.swift in Sources */ = {isa = PBXBuildFile; fileRef = 52749D982AD7469E00EB022E /* CollectionVC.swift */; };
		52749D9B2AD746B900EB022E /* ActionCVCell.swift in Sources */ = {isa = PBXBuildFile; fileRef = 52749D9A2AD746B900EB022E /* ActionCVCell.swift */; };
		52749D9D2AD746D400EB022E /* ImageVC.swift in Sources */ = {isa = PBXBuildFile; fileRef = 52749D9C2AD746D400EB022E /* ImageVC.swift */; };
		52749D9F2AD746F400EB022E /* UsersTVC.swift in Sources */ = {isa = PBXBuildFile; fileRef = 52749D9E2AD746F400EB022E /* UsersTVC.swift */; };
		52749DA12AD7482000EB022E /* Main.storyboard in Resources */ = {isa = PBXBuildFile; fileRef = 52749DA02AD7482000EB022E /* Main.storyboard */; };
		52749DA42ADDC99600EB022E /* SwiftyJSON in Frameworks */ = {isa = PBXBuildFile; productRef = 52749DA32ADDC99600EB022E /* SwiftyJSON */; };
		52749DA72ADDC9BD00EB022E /* Alamofire in Frameworks */ = {isa = PBXBuildFile; productRef = 52749DA62ADDC9BD00EB022E /* Alamofire */; };
		52749DAA2ADDC9D800EB022E /* AlamofireImage in Frameworks */ = {isa = PBXBuildFile; productRef = 52749DA92ADDC9D800EB022E /* AlamofireImage */; };
		52749DAE2ADDD44C00EB022E /* NewPostVC.swift in Sources */ = {isa = PBXBuildFile; fileRef = 52749DAD2ADDD44C00EB022E /* NewPostVC.swift */; };
		52749DB02ADDD48300EB022E /* PostsTVC.swift in Sources */ = {isa = PBXBuildFile; fileRef = 52749DAF2ADDD48300EB022E /* PostsTVC.swift */; };
		52749DB22ADDD49700EB022E /* AlbumsTVC.swift in Sources */ = {isa = PBXBuildFile; fileRef = 52749DB12ADDD49700EB022E /* AlbumsTVC.swift */; };
		52749DB42ADDD4D800EB022E /* DetailUserVC.swift in Sources */ = {isa = PBXBuildFile; fileRef = 52749DB32ADDD4D800EB022E /* DetailUserVC.swift */; };
/* End PBXBuildFile section */

/* Begin PBXFileReference section */
		52667AFC2ADDDC6B00E7ACF1 /* PostFlow.storyboard */ = {isa = PBXFileReference; lastKnownFileType = file.storyboard; path = PostFlow.storyboard; sourceTree = "<group>"; };
		52667AFF2ADDDF6900E7ACF1 /* NetworkService.swift */ = {isa = PBXFileReference; lastKnownFileType = sourcecode.swift; path = NetworkService.swift; sourceTree = "<group>"; };
		52667B012ADDDF8D00E7ACF1 /* ApiConstatnts.swift */ = {isa = PBXFileReference; lastKnownFileType = sourcecode.swift; path = ApiConstatnts.swift; sourceTree = "<group>"; };
		52667B032ADDDFCA00E7ACF1 /* PostModel.swift */ = {isa = PBXFileReference; lastKnownFileType = sourcecode.swift; path = PostModel.swift; sourceTree = "<group>"; };
		52667B052ADDDFE600E7ACF1 /* AlbumModel.swift */ = {isa = PBXFileReference; lastKnownFileType = sourcecode.swift; path = AlbumModel.swift; sourceTree = "<group>"; };
		52667B072ADDE17900E7ACF1 /* AlbumsAndPhotos.storyboard */ = {isa = PBXFileReference; lastKnownFileType = file.storyboard; path = AlbumsAndPhotos.storyboard; sourceTree = "<group>"; };
		52667B0E2AE05E1700E7ACF1 /* CommentModel.swift */ = {isa = PBXFileReference; lastKnownFileType = sourcecode.swift; path = CommentModel.swift; sourceTree = "<group>"; };
		52667B102AE05E3A00E7ACF1 /* PhotoModel.swift */ = {isa = PBXFileReference; lastKnownFileType = sourcecode.swift; path = PhotoModel.swift; sourceTree = "<group>"; };
		52667B142AE05FBF00E7ACF1 /* CommentsTVC.swift */ = {isa = PBXFileReference; lastKnownFileType = sourcecode.swift; path = CommentsTVC.swift; sourceTree = "<group>"; };
		52667B182AE0607100E7ACF1 /* PhotosCVC.swift */ = {isa = PBXFileReference; lastKnownFileType = sourcecode.swift; path = PhotosCVC.swift; sourceTree = "<group>"; };
		52667B1C2AE0685C00E7ACF1 /* PhotosCVCell.swift */ = {isa = PBXFileReference; lastKnownFileType = sourcecode.swift; path = PhotosCVCell.swift; sourceTree = "<group>"; };
		52667B1D2AE0685C00E7ACF1 /* PhotosCVCell.xib */ = {isa = PBXFileReference; lastKnownFileType = file.xib; path = PhotosCVCell.xib; sourceTree = "<group>"; };
		52667B202AE70E3800E7ACF1 /* CacheManager.swift */ = {isa = PBXFileReference; lastKnownFileType = sourcecode.swift; path = CacheManager.swift; sourceTree = "<group>"; };
		52667B222AE7104D00E7ACF1 /* PhotoVC.swift */ = {isa = PBXFileReference; lastKnownFileType = sourcecode.swift; path = PhotoVC.swift; sourceTree = "<group>"; };
		52749D762AD7439100EB022E /* RestApp.app */ = {isa = PBXFileReference; explicitFileType = wrapper.application; includeInIndex = 0; path = RestApp.app; sourceTree = BUILT_PRODUCTS_DIR; };
		52749D792AD7439100EB022E /* AppDelegate.swift */ = {isa = PBXFileReference; lastKnownFileType = sourcecode.swift; path = AppDelegate.swift; sourceTree = "<group>"; };
		52749D7B2AD7439100EB022E /* SceneDelegate.swift */ = {isa = PBXFileReference; lastKnownFileType = sourcecode.swift; path = SceneDelegate.swift; sourceTree = "<group>"; };
		52749D832AD7439100EB022E /* RestApp.xcdatamodel */ = {isa = PBXFileReference; lastKnownFileType = wrapper.xcdatamodel; path = RestApp.xcdatamodel; sourceTree = "<group>"; };
		52749D852AD7439200EB022E /* Assets.xcassets */ = {isa = PBXFileReference; lastKnownFileType = folder.assetcatalog; path = Assets.xcassets; sourceTree = "<group>"; };
		52749D882AD7439200EB022E /* Base */ = {isa = PBXFileReference; lastKnownFileType = file.storyboard; name = Base; path = Base.lproj/LaunchScreen.storyboard; sourceTree = "<group>"; };
		52749D8A2AD7439200EB022E /* Info.plist */ = {isa = PBXFileReference; lastKnownFileType = text.plist.xml; path = Info.plist; sourceTree = "<group>"; };
		52749D942AD7463700EB022E /* UserModel.swift */ = {isa = PBXFileReference; lastKnownFileType = sourcecode.swift; path = UserModel.swift; sourceTree = "<group>"; };
		52749D982AD7469E00EB022E /* CollectionVC.swift */ = {isa = PBXFileReference; lastKnownFileType = sourcecode.swift; path = CollectionVC.swift; sourceTree = "<group>"; };
		52749D9A2AD746B900EB022E /* ActionCVCell.swift */ = {isa = PBXFileReference; lastKnownFileType = sourcecode.swift; path = ActionCVCell.swift; sourceTree = "<group>"; };
		52749D9C2AD746D400EB022E /* ImageVC.swift */ = {isa = PBXFileReference; lastKnownFileType = sourcecode.swift; path = ImageVC.swift; sourceTree = "<group>"; };
		52749D9E2AD746F400EB022E /* UsersTVC.swift */ = {isa = PBXFileReference; lastKnownFileType = sourcecode.swift; path = UsersTVC.swift; sourceTree = "<group>"; };
		52749DA02AD7482000EB022E /* Main.storyboard */ = {isa = PBXFileReference; lastKnownFileType = file.storyboard; path = Main.storyboard; sourceTree = "<group>"; };
		52749DAD2ADDD44C00EB022E /* NewPostVC.swift */ = {isa = PBXFileReference; lastKnownFileType = sourcecode.swift; path = NewPostVC.swift; sourceTree = "<group>"; };
		52749DAF2ADDD48300EB022E /* PostsTVC.swift */ = {isa = PBXFileReference; lastKnownFileType = sourcecode.swift; path = PostsTVC.swift; sourceTree = "<group>"; };
		52749DB12ADDD49700EB022E /* AlbumsTVC.swift */ = {isa = PBXFileReference; lastKnownFileType = sourcecode.swift; path = AlbumsTVC.swift; sourceTree = "<group>"; };
		52749DB32ADDD4D800EB022E /* DetailUserVC.swift */ = {isa = PBXFileReference; lastKnownFileType = sourcecode.swift; path = DetailUserVC.swift; sourceTree = "<group>"; };
/* End PBXFileReference section */

/* Begin PBXFrameworksBuildPhase section */
		52749D732AD7439100EB022E /* Frameworks */ = {
			isa = PBXFrameworksBuildPhase;
			buildActionMask = 2147483647;
			files = (
				52749DA42ADDC99600EB022E /* SwiftyJSON in Frameworks */,
				52749DA72ADDC9BD00EB022E /* Alamofire in Frameworks */,
				52749DAA2ADDC9D800EB022E /* AlamofireImage in Frameworks */,
			);
			runOnlyForDeploymentPostprocessing = 0;
		};
/* End PBXFrameworksBuildPhase section */

/* Begin PBXGroup section */
		52667AFE2ADDDF3B00E7ACF1 /* Services */ = {
			isa = PBXGroup;
			children = (
				52667AFF2ADDDF6900E7ACF1 /* NetworkService.swift */,
				52667B202AE70E3800E7ACF1 /* CacheManager.swift */,
			);
			path = Services;
			sourceTree = "<group>";
		};
		52667B092ADDE59500E7ACF1 /* ActionsCollection */ = {
			isa = PBXGroup;
			children = (
				52749D982AD7469E00EB022E /* CollectionVC.swift */,
				52749D9A2AD746B900EB022E /* ActionCVCell.swift */,
			);
			path = ActionsCollection;
			sourceTree = "<group>";
		};
		52667B0A2ADDE5A600E7ACF1 /* ImageView */ = {
			isa = PBXGroup;
			children = (
				52749D9C2AD746D400EB022E /* ImageVC.swift */,
			);
			path = ImageView;
			sourceTree = "<group>";
		};
		52667B0B2ADDE5B900E7ACF1 /* UsersList */ = {
			isa = PBXGroup;
			children = (
				52749D9E2AD746F400EB022E /* UsersTVC.swift */,
				52749DB32ADDD4D800EB022E /* DetailUserVC.swift */,
			);
			path = UsersList;
			sourceTree = "<group>";
		};
		52667B0C2ADDE5C500E7ACF1 /* Posts */ = {
			isa = PBXGroup;
			children = (
				52749DAF2ADDD48300EB022E /* PostsTVC.swift */,
				52749DAD2ADDD44C00EB022E /* NewPostVC.swift */,
			);
			path = Posts;
			sourceTree = "<group>";
		};
		52667B0D2ADDE5E400E7ACF1 /* Albums */ = {
			isa = PBXGroup;
			children = (
				52749DB12ADDD49700EB022E /* AlbumsTVC.swift */,
			);
			path = Albums;
			sourceTree = "<group>";
		};
		52667B132AE05F7B00E7ACF1 /* Comments */ = {
			isa = PBXGroup;
			children = (
				52667B142AE05FBF00E7ACF1 /* CommentsTVC.swift */,
			);
			path = Comments;
			sourceTree = "<group>";
		};
		52667B162AE0602700E7ACF1 /* Photos */ = {
			isa = PBXGroup;
			children = (
				52667B222AE7104D00E7ACF1 /* PhotoVC.swift */,
				52667B172AE0604000E7ACF1 /* Cell */,
			);
			path = Photos;
			sourceTree = "<group>";
		};
		52667B172AE0604000E7ACF1 /* Cell */ = {
			isa = PBXGroup;
			children = (
				52667B1C2AE0685C00E7ACF1 /* PhotosCVCell.swift */,
				52667B1D2AE0685C00E7ACF1 /* PhotosCVCell.xib */,
				52667B182AE0607100E7ACF1 /* PhotosCVC.swift */,
			);
			path = Cell;
			sourceTree = "<group>";
		};
		52749D6D2AD7439100EB022E = {
			isa = PBXGroup;
			children = (
				52749D782AD7439100EB022E /* RestApp */,
				52749D772AD7439100EB022E /* Products */,
			);
			sourceTree = "<group>";
		};
		52749D772AD7439100EB022E /* Products */ = {
			isa = PBXGroup;
			children = (
				52749D762AD7439100EB022E /* RestApp.app */,
			);
			name = Products;
			sourceTree = "<group>";
		};
		52749D782AD7439100EB022E /* RestApp */ = {
			isa = PBXGroup;
			children = (
				52667AFE2ADDDF3B00E7ACF1 /* Services */,
				52749D932AD7462300EB022E /* Models */,
				52749D912AD7460300EB022E /* Controllers */,
				52749D922AD7461200EB022E /* Views */,
				52749D852AD7439200EB022E /* Assets.xcassets */,
				52749D902AD745F600EB022E /* Delegates */,
				52749D8A2AD7439200EB022E /* Info.plist */,
				52749D822AD7439100EB022E /* RestApp.xcdatamodeld */,
			);
			path = RestApp;
			sourceTree = "<group>";
		};
		52749D902AD745F600EB022E /* Delegates */ = {
			isa = PBXGroup;
			children = (
				52749D792AD7439100EB022E /* AppDelegate.swift */,
				52749D7B2AD7439100EB022E /* SceneDelegate.swift */,
			);
			path = Delegates;
			sourceTree = "<group>";
		};
		52749D912AD7460300EB022E /* Controllers */ = {
			isa = PBXGroup;
			children = (
				52667B132AE05F7B00E7ACF1 /* Comments */,
				52667B092ADDE59500E7ACF1 /* ActionsCollection */,
				52667B0A2ADDE5A600E7ACF1 /* ImageView */,
				52667B0B2ADDE5B900E7ACF1 /* UsersList */,
				52667B0C2ADDE5C500E7ACF1 /* Posts */,
				52667B0D2ADDE5E400E7ACF1 /* Albums */,
				52667B162AE0602700E7ACF1 /* Photos */,
			);
			path = Controllers;
			sourceTree = "<group>";
		};
		52749D922AD7461200EB022E /* Views */ = {
			isa = PBXGroup;
			children = (
				52749DA02AD7482000EB022E /* Main.storyboard */,
				52667B072ADDE17900E7ACF1 /* AlbumsAndPhotos.storyboard */,
				52667AFC2ADDDC6B00E7ACF1 /* PostFlow.storyboard */,
				52749D872AD7439200EB022E /* LaunchScreen.storyboard */,
			);
			path = Views;
			sourceTree = "<group>";
		};
		52749D932AD7462300EB022E /* Models */ = {
			isa = PBXGroup;
			children = (
				52667B012ADDDF8D00E7ACF1 /* ApiConstatnts.swift */,
				52749D942AD7463700EB022E /* UserModel.swift */,
				52667B032ADDDFCA00E7ACF1 /* PostModel.swift */,
				52667B052ADDDFE600E7ACF1 /* AlbumModel.swift */,
				52667B0E2AE05E1700E7ACF1 /* CommentModel.swift */,
				52667B102AE05E3A00E7ACF1 /* PhotoModel.swift */,
			);
			path = Models;
			sourceTree = "<group>";
		};
/* End PBXGroup section */

/* Begin PBXNativeTarget section */
		52749D752AD7439100EB022E /* RestApp */ = {
			isa = PBXNativeTarget;
			buildConfigurationList = 52749D8D2AD7439200EB022E /* Build configuration list for PBXNativeTarget "RestApp" */;
			buildPhases = (
				52749D722AD7439100EB022E /* Sources */,
				52749D732AD7439100EB022E /* Frameworks */,
				52749D742AD7439100EB022E /* Resources */,
			);
			buildRules = (
			);
			dependencies = (
			);
			name = RestApp;
			packageProductDependencies = (
				52749DA32ADDC99600EB022E /* SwiftyJSON */,
				52749DA62ADDC9BD00EB022E /* Alamofire */,
				52749DA92ADDC9D800EB022E /* AlamofireImage */,
			);
			productName = RestApp;
			productReference = 52749D762AD7439100EB022E /* RestApp.app */;
			productType = "com.apple.product-type.application";
		};
/* End PBXNativeTarget section */

/* Begin PBXProject section */
		52749D6E2AD7439100EB022E /* Project object */ = {
			isa = PBXProject;
			attributes = {
				BuildIndependentTargetsInParallel = 1;
				LastSwiftUpdateCheck = 1430;
				LastUpgradeCheck = 1430;
				TargetAttributes = {
					52749D752AD7439100EB022E = {
						CreatedOnToolsVersion = 14.3.1;
					};
				};
			};
			buildConfigurationList = 52749D712AD7439100EB022E /* Build configuration list for PBXProject "RestApp" */;
			compatibilityVersion = "Xcode 14.0";
			developmentRegion = en;
			hasScannedForEncodings = 0;
			knownRegions = (
				en,
				Base,
			);
			mainGroup = 52749D6D2AD7439100EB022E;
			packageReferences = (
				52749DA22ADDC99600EB022E /* XCRemoteSwiftPackageReference "SwiftyJSON" */,
				52749DA52ADDC9BD00EB022E /* XCRemoteSwiftPackageReference "Alamofire" */,
				52749DA82ADDC9D800EB022E /* XCRemoteSwiftPackageReference "AlamofireImage" */,
			);
			productRefGroup = 52749D772AD7439100EB022E /* Products */;
			projectDirPath = "";
			projectRoot = "";
			targets = (
				52749D752AD7439100EB022E /* RestApp */,
			);
		};
/* End PBXProject section */

/* Begin PBXResourcesBuildPhase section */
		52749D742AD7439100EB022E /* Resources */ = {
			isa = PBXResourcesBuildPhase;
			buildActionMask = 2147483647;
			files = (
				52667AFD2ADDDC6B00E7ACF1 /* PostFlow.storyboard in Resources */,
				52749DA12AD7482000EB022E /* Main.storyboard in Resources */,
				52667B082ADDE17900E7ACF1 /* AlbumsAndPhotos.storyboard in Resources */,
				52667B1F2AE0685C00E7ACF1 /* PhotosCVCell.xib in Resources */,
				52749D892AD7439200EB022E /* LaunchScreen.storyboard in Resources */,
				52749D862AD7439200EB022E /* Assets.xcassets in Resources */,
			);
			runOnlyForDeploymentPostprocessing = 0;
		};
/* End PBXResourcesBuildPhase section */

/* Begin PBXSourcesBuildPhase section */
		52749D722AD7439100EB022E /* Sources */ = {
			isa = PBXSourcesBuildPhase;
			buildActionMask = 2147483647;
			files = (
				52667B112AE05E3A00E7ACF1 /* PhotoModel.swift in Sources */,
				52749D7A2AD7439100EB022E /* AppDelegate.swift in Sources */,
				52667B042ADDDFCA00E7ACF1 /* PostModel.swift in Sources */,
				52667B1E2AE0685C00E7ACF1 /* PhotosCVCell.swift in Sources */,
				52667B192AE0607100E7ACF1 /* PhotosCVC.swift in Sources */,
				52749D7C2AD7439100EB022E /* SceneDelegate.swift in Sources */,
				52667B212AE70E3800E7ACF1 /* CacheManager.swift in Sources */,
				52749DB02ADDD48300EB022E /* PostsTVC.swift in Sources */,
				52749D9B2AD746B900EB022E /* ActionCVCell.swift in Sources */,
				52749D992AD7469E00EB022E /* CollectionVC.swift in Sources */,
				52667B002ADDDF6900E7ACF1 /* NetworkService.swift in Sources */,
				52667B022ADDDF8D00E7ACF1 /* ApiConstatnts.swift in Sources */,
				52667B152AE05FBF00E7ACF1 /* CommentsTVC.swift in Sources */,
				52749DB42ADDD4D800EB022E /* DetailUserVC.swift in Sources */,
				52749D9F2AD746F400EB022E /* UsersTVC.swift in Sources */,
				52667B0F2AE05E1700E7ACF1 /* CommentModel.swift in Sources */,
				52749DB22ADDD49700EB022E /* AlbumsTVC.swift in Sources */,
				52749D952AD7463700EB022E /* UserModel.swift in Sources */,
				52749D842AD7439100EB022E /* RestApp.xcdatamodeld in Sources */,
				52667B062ADDDFE600E7ACF1 /* AlbumModel.swift in Sources */,
				52749DAE2ADDD44C00EB022E /* NewPostVC.swift in Sources */,
				52749D9D2AD746D400EB022E /* ImageVC.swift in Sources */,
				52667B232AE7104D00E7ACF1 /* PhotoVC.swift in Sources */,
			);
			runOnlyForDeploymentPostprocessing = 0;
		};
/* End PBXSourcesBuildPhase section */

/* Begin PBXVariantGroup section */
		52749D872AD7439200EB022E /* LaunchScreen.storyboard */ = {
			isa = PBXVariantGroup;
			children = (
				52749D882AD7439200EB022E /* Base */,
			);
			name = LaunchScreen.storyboard;
			sourceTree = "<group>";
		};
/* End PBXVariantGroup section */

/* Begin XCBuildConfiguration section */
		52749D8B2AD7439200EB022E /* Debug */ = {
			isa = XCBuildConfiguration;
			buildSettings = {
				ALWAYS_SEARCH_USER_PATHS = NO;
				CLANG_ANALYZER_NONNULL = YES;
				CLANG_ANALYZER_NUMBER_OBJECT_CONVERSION = YES_AGGRESSIVE;
				CLANG_CXX_LANGUAGE_STANDARD = "gnu++20";
				CLANG_ENABLE_MODULES = YES;
				CLANG_ENABLE_OBJC_ARC = YES;
				CLANG_ENABLE_OBJC_WEAK = YES;
				CLANG_WARN_BLOCK_CAPTURE_AUTORELEASING = YES;
				CLANG_WARN_BOOL_CONVERSION = YES;
				CLANG_WARN_COMMA = YES;
				CLANG_WARN_CONSTANT_CONVERSION = YES;
				CLANG_WARN_DEPRECATED_OBJC_IMPLEMENTATIONS = YES;
				CLANG_WARN_DIRECT_OBJC_ISA_USAGE = YES_ERROR;
				CLANG_WARN_DOCUMENTATION_COMMENTS = YES;
				CLANG_WARN_EMPTY_BODY = YES;
				CLANG_WARN_ENUM_CONVERSION = YES;
				CLANG_WARN_INFINITE_RECURSION = YES;
				CLANG_WARN_INT_CONVERSION = YES;
				CLANG_WARN_NON_LITERAL_NULL_CONVERSION = YES;
				CLANG_WARN_OBJC_IMPLICIT_RETAIN_SELF = YES;
				CLANG_WARN_OBJC_LITERAL_CONVERSION = YES;
				CLANG_WARN_OBJC_ROOT_CLASS = YES_ERROR;
				CLANG_WARN_QUOTED_INCLUDE_IN_FRAMEWORK_HEADER = YES;
				CLANG_WARN_RANGE_LOOP_ANALYSIS = YES;
				CLANG_WARN_STRICT_PROTOTYPES = YES;
				CLANG_WARN_SUSPICIOUS_MOVE = YES;
				CLANG_WARN_UNGUARDED_AVAILABILITY = YES_AGGRESSIVE;
				CLANG_WARN_UNREACHABLE_CODE = YES;
				CLANG_WARN__DUPLICATE_METHOD_MATCH = YES;
				COPY_PHASE_STRIP = NO;
				DEBUG_INFORMATION_FORMAT = dwarf;
				ENABLE_STRICT_OBJC_MSGSEND = YES;
				ENABLE_TESTABILITY = YES;
				GCC_C_LANGUAGE_STANDARD = gnu11;
				GCC_DYNAMIC_NO_PIC = NO;
				GCC_NO_COMMON_BLOCKS = YES;
				GCC_OPTIMIZATION_LEVEL = 0;
				GCC_PREPROCESSOR_DEFINITIONS = (
					"DEBUG=1",
					"$(inherited)",
				);
				GCC_WARN_64_TO_32_BIT_CONVERSION = YES;
				GCC_WARN_ABOUT_RETURN_TYPE = YES_ERROR;
				GCC_WARN_UNDECLARED_SELECTOR = YES;
				GCC_WARN_UNINITIALIZED_AUTOS = YES_AGGRESSIVE;
				GCC_WARN_UNUSED_FUNCTION = YES;
				GCC_WARN_UNUSED_VARIABLE = YES;
				IPHONEOS_DEPLOYMENT_TARGET = 16.4;
				MTL_ENABLE_DEBUG_INFO = INCLUDE_SOURCE;
				MTL_FAST_MATH = YES;
				ONLY_ACTIVE_ARCH = YES;
				SDKROOT = iphoneos;
				SWIFT_ACTIVE_COMPILATION_CONDITIONS = DEBUG;
				SWIFT_OPTIMIZATION_LEVEL = "-Onone";
			};
			name = Debug;
		};
		52749D8C2AD7439200EB022E /* Release */ = {
			isa = XCBuildConfiguration;
			buildSettings = {
				ALWAYS_SEARCH_USER_PATHS = NO;
				CLANG_ANALYZER_NONNULL = YES;
				CLANG_ANALYZER_NUMBER_OBJECT_CONVERSION = YES_AGGRESSIVE;
				CLANG_CXX_LANGUAGE_STANDARD = "gnu++20";
				CLANG_ENABLE_MODULES = YES;
				CLANG_ENABLE_OBJC_ARC = YES;
				CLANG_ENABLE_OBJC_WEAK = YES;
				CLANG_WARN_BLOCK_CAPTURE_AUTORELEASING = YES;
				CLANG_WARN_BOOL_CONVERSION = YES;
				CLANG_WARN_COMMA = YES;
				CLANG_WARN_CONSTANT_CONVERSION = YES;
				CLANG_WARN_DEPRECATED_OBJC_IMPLEMENTATIONS = YES;
				CLANG_WARN_DIRECT_OBJC_ISA_USAGE = YES_ERROR;
				CLANG_WARN_DOCUMENTATION_COMMENTS = YES;
				CLANG_WARN_EMPTY_BODY = YES;
				CLANG_WARN_ENUM_CONVERSION = YES;
				CLANG_WARN_INFINITE_RECURSION = YES;
				CLANG_WARN_INT_CONVERSION = YES;
				CLANG_WARN_NON_LITERAL_NULL_CONVERSION = YES;
				CLANG_WARN_OBJC_IMPLICIT_RETAIN_SELF = YES;
				CLANG_WARN_OBJC_LITERAL_CONVERSION = YES;
				CLANG_WARN_OBJC_ROOT_CLASS = YES_ERROR;
				CLANG_WARN_QUOTED_INCLUDE_IN_FRAMEWORK_HEADER = YES;
				CLANG_WARN_RANGE_LOOP_ANALYSIS = YES;
				CLANG_WARN_STRICT_PROTOTYPES = YES;
				CLANG_WARN_SUSPICIOUS_MOVE = YES;
				CLANG_WARN_UNGUARDED_AVAILABILITY = YES_AGGRESSIVE;
				CLANG_WARN_UNREACHABLE_CODE = YES;
				CLANG_WARN__DUPLICATE_METHOD_MATCH = YES;
				COPY_PHASE_STRIP = NO;
				DEBUG_INFORMATION_FORMAT = "dwarf-with-dsym";
				ENABLE_NS_ASSERTIONS = NO;
				ENABLE_STRICT_OBJC_MSGSEND = YES;
				GCC_C_LANGUAGE_STANDARD = gnu11;
				GCC_NO_COMMON_BLOCKS = YES;
				GCC_WARN_64_TO_32_BIT_CONVERSION = YES;
				GCC_WARN_ABOUT_RETURN_TYPE = YES_ERROR;
				GCC_WARN_UNDECLARED_SELECTOR = YES;
				GCC_WARN_UNINITIALIZED_AUTOS = YES_AGGRESSIVE;
				GCC_WARN_UNUSED_FUNCTION = YES;
				GCC_WARN_UNUSED_VARIABLE = YES;
				IPHONEOS_DEPLOYMENT_TARGET = 16.4;
				MTL_ENABLE_DEBUG_INFO = NO;
				MTL_FAST_MATH = YES;
				SDKROOT = iphoneos;
				SWIFT_COMPILATION_MODE = wholemodule;
				SWIFT_OPTIMIZATION_LEVEL = "-O";
				VALIDATE_PRODUCT = YES;
			};
			name = Release;
		};
		52749D8E2AD7439200EB022E /* Debug */ = {
			isa = XCBuildConfiguration;
			buildSettings = {
				ASSETCATALOG_COMPILER_APPICON_NAME = AppIcon;
				ASSETCATALOG_COMPILER_GLOBAL_ACCENT_COLOR_NAME = AccentColor;
				CODE_SIGN_STYLE = Automatic;
				CURRENT_PROJECT_VERSION = 1;
				DEVELOPMENT_TEAM = RK692GK2JP;
				GENERATE_INFOPLIST_FILE = YES;
				INFOPLIST_FILE = RestApp/Info.plist;
				INFOPLIST_KEY_UIApplicationSupportsIndirectInputEvents = YES;
				INFOPLIST_KEY_UILaunchStoryboardName = LaunchScreen;
				INFOPLIST_KEY_UIMainStoryboardFile = Main;
				INFOPLIST_KEY_UISupportedInterfaceOrientations_iPad = "UIInterfaceOrientationPortrait UIInterfaceOrientationPortraitUpsideDown UIInterfaceOrientationLandscapeLeft UIInterfaceOrientationLandscapeRight";
				INFOPLIST_KEY_UISupportedInterfaceOrientations_iPhone = "UIInterfaceOrientationPortrait UIInterfaceOrientationLandscapeLeft UIInterfaceOrientationLandscapeRight";
				LD_RUNPATH_SEARCH_PATHS = (
					"$(inherited)",
					"@executable_path/Frameworks",
				);
				MARKETING_VERSION = 1.0;
				PRODUCT_BUNDLE_IDENTIFIER = com.itlime.RestApp;
				PRODUCT_NAME = "$(TARGET_NAME)";
				SWIFT_EMIT_LOC_STRINGS = YES;
				SWIFT_VERSION = 5.0;
				TARGETED_DEVICE_FAMILY = "1,2";
			};
			name = Debug;
		};
		52749D8F2AD7439200EB022E /* Release */ = {
			isa = XCBuildConfiguration;
			buildSettings = {
				ASSETCATALOG_COMPILER_APPICON_NAME = AppIcon;
				ASSETCATALOG_COMPILER_GLOBAL_ACCENT_COLOR_NAME = AccentColor;
				CODE_SIGN_STYLE = Automatic;
				CURRENT_PROJECT_VERSION = 1;
				DEVELOPMENT_TEAM = RK692GK2JP;
				GENERATE_INFOPLIST_FILE = YES;
				INFOPLIST_FILE = RestApp/Info.plist;
				INFOPLIST_KEY_UIApplicationSupportsIndirectInputEvents = YES;
				INFOPLIST_KEY_UILaunchStoryboardName = LaunchScreen;
				INFOPLIST_KEY_UIMainStoryboardFile = Main;
				INFOPLIST_KEY_UISupportedInterfaceOrientations_iPad = "UIInterfaceOrientationPortrait UIInterfaceOrientationPortraitUpsideDown UIInterfaceOrientationLandscapeLeft UIInterfaceOrientationLandscapeRight";
				INFOPLIST_KEY_UISupportedInterfaceOrientations_iPhone = "UIInterfaceOrientationPortrait UIInterfaceOrientationLandscapeLeft UIInterfaceOrientationLandscapeRight";
				LD_RUNPATH_SEARCH_PATHS = (
					"$(inherited)",
					"@executable_path/Frameworks",
				);
				MARKETING_VERSION = 1.0;
				PRODUCT_BUNDLE_IDENTIFIER = com.itlime.RestApp;
				PRODUCT_NAME = "$(TARGET_NAME)";
				SWIFT_EMIT_LOC_STRINGS = YES;
				SWIFT_VERSION = 5.0;
				TARGETED_DEVICE_FAMILY = "1,2";
			};
			name = Release;
		};
/* End XCBuildConfiguration section */

/* Begin XCConfigurationList section */
		52749D712AD7439100EB022E /* Build configuration list for PBXProject "RestApp" */ = {
			isa = XCConfigurationList;
			buildConfigurations = (
				52749D8B2AD7439200EB022E /* Debug */,
				52749D8C2AD7439200EB022E /* Release */,
			);
			defaultConfigurationIsVisible = 0;
			defaultConfigurationName = Release;
		};
		52749D8D2AD7439200EB022E /* Build configuration list for PBXNativeTarget "RestApp" */ = {
			isa = XCConfigurationList;
			buildConfigurations = (
				52749D8E2AD7439200EB022E /* Debug */,
				52749D8F2AD7439200EB022E /* Release */,
			);
			defaultConfigurationIsVisible = 0;
			defaultConfigurationName = Release;
		};
/* End XCConfigurationList section */

/* Begin XCRemoteSwiftPackageReference section */
		52749DA22ADDC99600EB022E /* XCRemoteSwiftPackageReference "SwiftyJSON" */ = {
			isa = XCRemoteSwiftPackageReference;
			repositoryURL = "https://github.com/SwiftyJSON/SwiftyJSON.git";
			requirement = {
				kind = upToNextMajorVersion;
				minimumVersion = 5.0.0;
			};
		};
		52749DA52ADDC9BD00EB022E /* XCRemoteSwiftPackageReference "Alamofire" */ = {
			isa = XCRemoteSwiftPackageReference;
			repositoryURL = "https://github.com/Alamofire/Alamofire.git";
			requirement = {
				kind = upToNextMajorVersion;
				minimumVersion = 5.0.0;
			};
		};
		52749DA82ADDC9D800EB022E /* XCRemoteSwiftPackageReference "AlamofireImage" */ = {
			isa = XCRemoteSwiftPackageReference;
			repositoryURL = "https://github.com/Alamofire/AlamofireImage.git";
			requirement = {
				kind = upToNextMajorVersion;
				minimumVersion = 4.0.0;
			};
		};
/* End XCRemoteSwiftPackageReference section */

/* Begin XCSwiftPackageProductDependency section */
		52749DA32ADDC99600EB022E /* SwiftyJSON */ = {
			isa = XCSwiftPackageProductDependency;
			package = 52749DA22ADDC99600EB022E /* XCRemoteSwiftPackageReference "SwiftyJSON" */;
			productName = SwiftyJSON;
		};
		52749DA62ADDC9BD00EB022E /* Alamofire */ = {
			isa = XCSwiftPackageProductDependency;
			package = 52749DA52ADDC9BD00EB022E /* XCRemoteSwiftPackageReference "Alamofire" */;
			productName = Alamofire;
		};
		52749DA92ADDC9D800EB022E /* AlamofireImage */ = {
			isa = XCSwiftPackageProductDependency;
			package = 52749DA82ADDC9D800EB022E /* XCRemoteSwiftPackageReference "AlamofireImage" */;
			productName = AlamofireImage;
		};
/* End XCSwiftPackageProductDependency section */

/* Begin XCVersionGroup section */
		52749D822AD7439100EB022E /* RestApp.xcdatamodeld */ = {
			isa = XCVersionGroup;
			children = (
				52749D832AD7439100EB022E /* RestApp.xcdatamodel */,
			);
			currentVersion = 52749D832AD7439100EB022E /* RestApp.xcdatamodel */;
			path = RestApp.xcdatamodeld;
			sourceTree = "<group>";
			versionGroupType = wrapper.xcdatamodel;
		};
/* End XCVersionGroup section */
	};
	rootObject = 52749D6E2AD7439100EB022E /* Project object */;
}
